// !$*UTF8*$!
{
	archiveVersion = 1;
	classes = {
	};
	objectVersion = 50;
	objects = {

/* Begin PBXBuildFile section */
		74B844712150186700430C60 /* AppDelegate.swift in Sources */ = {isa = PBXBuildFile; fileRef = 74B844702150186700430C60 /* AppDelegate.swift */; };
		74B844732150186700430C60 /* ViewController.swift in Sources */ = {isa = PBXBuildFile; fileRef = 74B844722150186700430C60 /* ViewController.swift */; };
		74B844762150186700430C60 /* Main.storyboard in Resources */ = {isa = PBXBuildFile; fileRef = 74B844742150186700430C60 /* Main.storyboard */; };
		74B844782150186700430C60 /* Assets.xcassets in Resources */ = {isa = PBXBuildFile; fileRef = 74B844772150186700430C60 /* Assets.xcassets */; };
		74B8447B2150186700430C60 /* LaunchScreen.storyboard in Resources */ = {isa = PBXBuildFile; fileRef = 74B844792150186700430C60 /* LaunchScreen.storyboard */; };
		74B844862150186800430C60 /* QuikSipTests.swift in Sources */ = {isa = PBXBuildFile; fileRef = 74B844852150186800430C60 /* QuikSipTests.swift */; };
		74B844912150186800430C60 /* QuikSipUITests.swift in Sources */ = {isa = PBXBuildFile; fileRef = 74B844902150186800430C60 /* QuikSipUITests.swift */; };
/* End PBXBuildFile section */

/* Begin PBXContainerItemProxy section */
		74B844822150186800430C60 /* PBXContainerItemProxy */ = {
			isa = PBXContainerItemProxy;
			containerPortal = 74B844652150186700430C60 /* Project object */;
			proxyType = 1;
			remoteGlobalIDString = 74B8446C2150186700430C60;
			remoteInfo = QuikSip;
		};
		74B8448D2150186800430C60 /* PBXContainerItemProxy */ = {
			isa = PBXContainerItemProxy;
			containerPortal = 74B844652150186700430C60 /* Project object */;
			proxyType = 1;
			remoteGlobalIDString = 74B8446C2150186700430C60;
			remoteInfo = QuikSip;
		};
/* End PBXContainerItemProxy section */

/* Begin PBXFileReference section */
		74B8446D2150186700430C60 /* QuikSip.app */ = {isa = PBXFileReference; explicitFileType = wrapper.application; includeInIndex = 0; path = QuikSip.app; sourceTree = BUILT_PRODUCTS_DIR; };
		74B844702150186700430C60 /* AppDelegate.swift */ = {isa = PBXFileReference; lastKnownFileType = sourcecode.swift; path = AppDelegate.swift; sourceTree = "<group>"; };
		74B844722150186700430C60 /* ViewController.swift */ = {isa = PBXFileReference; lastKnownFileType = sourcecode.swift; path = ViewController.swift; sourceTree = "<group>"; };
		74B844752150186700430C60 /* Base */ = {isa = PBXFileReference; lastKnownFileType = file.storyboard; name = Base; path = Base.lproj/Main.storyboard; sourceTree = "<group>"; };
		74B844772150186700430C60 /* Assets.xcassets */ = {isa = PBXFileReference; lastKnownFileType = folder.assetcatalog; path = Assets.xcassets; sourceTree = "<group>"; };
		74B8447A2150186700430C60 /* Base */ = {isa = PBXFileReference; lastKnownFileType = file.storyboard; name = Base; path = Base.lproj/LaunchScreen.storyboard; sourceTree = "<group>"; };
		74B8447C2150186700430C60 /* Info.plist */ = {isa = PBXFileReference; lastKnownFileType = text.plist.xml; path = Info.plist; sourceTree = "<group>"; };
		74B844812150186800430C60 /* QuikSipTests.xctest */ = {isa = PBXFileReference; explicitFileType = wrapper.cfbundle; includeInIndex = 0; path = QuikSipTests.xctest; sourceTree = BUILT_PRODUCTS_DIR; };
		74B844852150186800430C60 /* QuikSipTests.swift */ = {isa = PBXFileReference; lastKnownFileType = sourcecode.swift; path = QuikSipTests.swift; sourceTree = "<group>"; };
		74B844872150186800430C60 /* Info.plist */ = {isa = PBXFileReference; lastKnownFileType = text.plist.xml; path = Info.plist; sourceTree = "<group>"; };
		74B8448C2150186800430C60 /* QuikSipUITests.xctest */ = {isa = PBXFileReference; explicitFileType = wrapper.cfbundle; includeInIndex = 0; path = QuikSipUITests.xctest; sourceTree = BUILT_PRODUCTS_DIR; };
		74B844902150186800430C60 /* QuikSipUITests.swift */ = {isa = PBXFileReference; lastKnownFileType = sourcecode.swift; path = QuikSipUITests.swift; sourceTree = "<group>"; };
		74B844922150186800430C60 /* Info.plist */ = {isa = PBXFileReference; lastKnownFileType = text.plist.xml; path = Info.plist; sourceTree = "<group>"; };
/* End PBXFileReference section */

/* Begin PBXFrameworksBuildPhase section */
		74B8446A2150186700430C60 /* Frameworks */ = {
			isa = PBXFrameworksBuildPhase;
			buildActionMask = 2147483647;
			files = (
			);
			runOnlyForDeploymentPostprocessing = 0;
		};
		74B8447E2150186800430C60 /* Frameworks */ = {
			isa = PBXFrameworksBuildPhase;
			buildActionMask = 2147483647;
			files = (
			);
			runOnlyForDeploymentPostprocessing = 0;
		};
		74B844892150186800430C60 /* Frameworks */ = {
			isa = PBXFrameworksBuildPhase;
			buildActionMask = 2147483647;
			files = (
			);
			runOnlyForDeploymentPostprocessing = 0;
		};
/* End PBXFrameworksBuildPhase section */

/* Begin PBXGroup section */
		74B844642150186700430C60 = {
			isa = PBXGroup;
			children = (
				74B8446F2150186700430C60 /* QuikSip */,
				74B844842150186800430C60 /* QuikSipTests */,
				74B8448F2150186800430C60 /* QuikSipUITests */,
				74B8446E2150186700430C60 /* Products */,
			);
			sourceTree = "<group>";
		};
		74B8446E2150186700430C60 /* Products */ = {
			isa = PBXGroup;
			children = (
				74B8446D2150186700430C60 /* QuikSip.app */,
				74B844812150186800430C60 /* QuikSipTests.xctest */,
				74B8448C2150186800430C60 /* QuikSipUITests.xctest */,
			);
			name = Products;
			sourceTree = "<group>";
		};
		74B8446F2150186700430C60 /* QuikSip */ = {
			isa = PBXGroup;
			children = (
				74B844702150186700430C60 /* AppDelegate.swift */,
				74B844722150186700430C60 /* ViewController.swift */,
				74B844742150186700430C60 /* Main.storyboard */,
				74B844772150186700430C60 /* Assets.xcassets */,
				74B844792150186700430C60 /* LaunchScreen.storyboard */,
				74B8447C2150186700430C60 /* Info.plist */,
			);
			path = QuikSip;
			sourceTree = "<group>";
		};
		74B844842150186800430C60 /* QuikSipTests */ = {
			isa = PBXGroup;
			children = (
				74B844852150186800430C60 /* QuikSipTests.swift */,
				74B844872150186800430C60 /* Info.plist */,
			);
			path = QuikSipTests;
			sourceTree = "<group>";
		};
		74B8448F2150186800430C60 /* QuikSipUITests */ = {
			isa = PBXGroup;
			children = (
				74B844902150186800430C60 /* QuikSipUITests.swift */,
				74B844922150186800430C60 /* Info.plist */,
			);
			path = QuikSipUITests;
			sourceTree = "<group>";
		};
/* End PBXGroup section */

/* Begin PBXNativeTarget section */
		74B8446C2150186700430C60 /* QuikSip */ = {
			isa = PBXNativeTarget;
			buildConfigurationList = 74B844952150186800430C60 /* Build configuration list for PBXNativeTarget "QuikSip" */;
			buildPhases = (
				74B844692150186700430C60 /* Sources */,
				74B8446A2150186700430C60 /* Frameworks */,
				74B8446B2150186700430C60 /* Resources */,
			);
			buildRules = (
			);
			dependencies = (
			);
			name = QuikSip;
			productName = QuikSip;
			productReference = 74B8446D2150186700430C60 /* QuikSip.app */;
			productType = "com.apple.product-type.application";
		};
		74B844802150186800430C60 /* QuikSipTests */ = {
			isa = PBXNativeTarget;
			buildConfigurationList = 74B844982150186800430C60 /* Build configuration list for PBXNativeTarget "QuikSipTests" */;
			buildPhases = (
				74B8447D2150186800430C60 /* Sources */,
				74B8447E2150186800430C60 /* Frameworks */,
				74B8447F2150186800430C60 /* Resources */,
			);
			buildRules = (
			);
			dependencies = (
				74B844832150186800430C60 /* PBXTargetDependency */,
			);
			name = QuikSipTests;
			productName = QuikSipTests;
			productReference = 74B844812150186800430C60 /* QuikSipTests.xctest */;
			productType = "com.apple.product-type.bundle.unit-test";
		};
		74B8448B2150186800430C60 /* QuikSipUITests */ = {
			isa = PBXNativeTarget;
			buildConfigurationList = 74B8449B2150186800430C60 /* Build configuration list for PBXNativeTarget "QuikSipUITests" */;
			buildPhases = (
				74B844882150186800430C60 /* Sources */,
				74B844892150186800430C60 /* Frameworks */,
				74B8448A2150186800430C60 /* Resources */,
			);
			buildRules = (
			);
			dependencies = (
				74B8448E2150186800430C60 /* PBXTargetDependency */,
			);
			name = QuikSipUITests;
			productName = QuikSipUITests;
			productReference = 74B8448C2150186800430C60 /* QuikSipUITests.xctest */;
			productType = "com.apple.product-type.bundle.ui-testing";
		};
/* End PBXNativeTarget section */

/* Begin PBXProject section */
		74B844652150186700430C60 /* Project object */ = {
			isa = PBXProject;
			attributes = {
				LastSwiftUpdateCheck = 0940;
				LastUpgradeCheck = 0940;
				ORGANIZATIONNAME = "Chris Terech";
				TargetAttributes = {
					74B8446C2150186700430C60 = {
						CreatedOnToolsVersion = 9.4.1;
					};
					74B844802150186800430C60 = {
						CreatedOnToolsVersion = 9.4.1;
						TestTargetID = 74B8446C2150186700430C60;
					};
					74B8448B2150186800430C60 = {
						CreatedOnToolsVersion = 9.4.1;
						TestTargetID = 74B8446C2150186700430C60;
					};
				};
			};
			buildConfigurationList = 74B844682150186700430C60 /* Build configuration list for PBXProject "QuikSip" */;
			compatibilityVersion = "Xcode 9.3";
			developmentRegion = en;
			hasScannedForEncodings = 0;
			knownRegions = (
				en,
				Base,
			);
			mainGroup = 74B844642150186700430C60;
			productRefGroup = 74B8446E2150186700430C60 /* Products */;
			projectDirPath = "";
			projectRoot = "";
			targets = (
				74B8446C2150186700430C60 /* QuikSip */,
				74B844802150186800430C60 /* QuikSipTests */,
				74B8448B2150186800430C60 /* QuikSipUITests */,
			);
		};
/* End PBXProject section */

/* Begin PBXResourcesBuildPhase section */
		74B8446B2150186700430C60 /* Resources */ = {
			isa = PBXResourcesBuildPhase;
			buildActionMask = 2147483647;
			files = (
				74B8447B2150186700430C60 /* LaunchScreen.storyboard in Resources */,
				74B844782150186700430C60 /* Assets.xcassets in Resources */,
				74B844762150186700430C60 /* Main.storyboard in Resources */,
			);
			runOnlyForDeploymentPostprocessing = 0;
		};
		74B8447F2150186800430C60 /* Resources */ = {
			isa = PBXResourcesBuildPhase;
			buildActionMask = 2147483647;
			files = (
			);
			runOnlyForDeploymentPostprocessing = 0;
		};
		74B8448A2150186800430C60 /* Resources */ = {
			isa = PBXResourcesBuildPhase;
			buildActionMask = 2147483647;
			files = (
			);
			runOnlyForDeploymentPostprocessing = 0;
		};
/* End PBXResourcesBuildPhase section */

/* Begin PBXSourcesBuildPhase section */
		74B844692150186700430C60 /* Sources */ = {
			isa = PBXSourcesBuildPhase;
			buildActionMask = 2147483647;
			files = (
				74B844732150186700430C60 /* ViewController.swift in Sources */,
				74B844712150186700430C60 /* AppDelegate.swift in Sources */,
			);
			runOnlyForDeploymentPostprocessing = 0;
		};
		74B8447D2150186800430C60 /* Sources */ = {
			isa = PBXSourcesBuildPhase;
			buildActionMask = 2147483647;
			files = (
				74B844862150186800430C60 /* QuikSipTests.swift in Sources */,
			);
			runOnlyForDeploymentPostprocessing = 0;
		};
		74B844882150186800430C60 /* Sources */ = {
			isa = PBXSourcesBuildPhase;
			buildActionMask = 2147483647;
			files = (
				74B844912150186800430C60 /* QuikSipUITests.swift in Sources */,
			);
			runOnlyForDeploymentPostprocessing = 0;
		};
/* End PBXSourcesBuildPhase section */

/* Begin PBXTargetDependency section */
		74B844832150186800430C60 /* PBXTargetDependency */ = {
			isa = PBXTargetDependency;
			target = 74B8446C2150186700430C60 /* QuikSip */;
			targetProxy = 74B844822150186800430C60 /* PBXContainerItemProxy */;
		};
		74B8448E2150186800430C60 /* PBXTargetDependency */ = {
			isa = PBXTargetDependency;
			target = 74B8446C2150186700430C60 /* QuikSip */;
			targetProxy = 74B8448D2150186800430C60 /* PBXContainerItemProxy */;
		};
/* End PBXTargetDependency section */

/* Begin PBXVariantGroup section */
		74B844742150186700430C60 /* Main.storyboard */ = {
			isa = PBXVariantGroup;
			children = (
				74B844752150186700430C60 /* Base */,
			);
			name = Main.storyboard;
			sourceTree = "<group>";
		};
		74B844792150186700430C60 /* LaunchScreen.storyboard */ = {
			isa = PBXVariantGroup;
			children = (
				74B8447A2150186700430C60 /* Base */,
			);
			name = LaunchScreen.storyboard;
			sourceTree = "<group>";
		};
/* End PBXVariantGroup section */

/* Begin XCBuildConfiguration section */
		74B844932150186800430C60 /* Debug */ = {
			isa = XCBuildConfiguration;
			buildSettings = {
				ALWAYS_SEARCH_USER_PATHS = NO;
				CLANG_ANALYZER_NONNULL = YES;
				CLANG_ANALYZER_NUMBER_OBJECT_CONVERSION = YES_AGGRESSIVE;
				CLANG_CXX_LANGUAGE_STANDARD = "gnu++14";
				CLANG_CXX_LIBRARY = "libc++";
				CLANG_ENABLE_MODULES = YES;
				CLANG_ENABLE_OBJC_ARC = YES;
				CLANG_ENABLE_OBJC_WEAK = YES;
				CLANG_WARN_BLOCK_CAPTURE_AUTORELEASING = YES;
				CLANG_WARN_BOOL_CONVERSION = YES;
				CLANG_WARN_COMMA = YES;
				CLANG_WARN_CONSTANT_CONVERSION = YES;
				CLANG_WARN_DEPRECATED_OBJC_IMPLEMENTATIONS = YES;
				CLANG_WARN_DIRECT_OBJC_ISA_USAGE = YES_ERROR;
				CLANG_WARN_DOCUMENTATION_COMMENTS = YES;
				CLANG_WARN_EMPTY_BODY = YES;
				CLANG_WARN_ENUM_CONVERSION = YES;
				CLANG_WARN_INFINITE_RECURSION = YES;
				CLANG_WARN_INT_CONVERSION = YES;
				CLANG_WARN_NON_LITERAL_NULL_CONVERSION = YES;
				CLANG_WARN_OBJC_IMPLICIT_RETAIN_SELF = YES;
				CLANG_WARN_OBJC_LITERAL_CONVERSION = YES;
				CLANG_WARN_OBJC_ROOT_CLASS = YES_ERROR;
				CLANG_WARN_RANGE_LOOP_ANALYSIS = YES;
				CLANG_WARN_STRICT_PROTOTYPES = YES;
				CLANG_WARN_SUSPICIOUS_MOVE = YES;
				CLANG_WARN_UNGUARDED_AVAILABILITY = YES_AGGRESSIVE;
				CLANG_WARN_UNREACHABLE_CODE = YES;
				CLANG_WARN__DUPLICATE_METHOD_MATCH = YES;
				CODE_SIGN_IDENTITY = "iPhone Developer";
				COPY_PHASE_STRIP = NO;
				DEBUG_INFORMATION_FORMAT = dwarf;
				ENABLE_STRICT_OBJC_MSGSEND = YES;
				ENABLE_TESTABILITY = YES;
				GCC_C_LANGUAGE_STANDARD = gnu11;
				GCC_DYNAMIC_NO_PIC = NO;
				GCC_NO_COMMON_BLOCKS = YES;
				GCC_OPTIMIZATION_LEVEL = 0;
				GCC_PREPROCESSOR_DEFINITIONS = (
					"DEBUG=1",
					"$(inherited)",
				);
				GCC_WARN_64_TO_32_BIT_CONVERSION = YES;
				GCC_WARN_ABOUT_RETURN_TYPE = YES_ERROR;
				GCC_WARN_UNDECLARED_SELECTOR = YES;
				GCC_WARN_UNINITIALIZED_AUTOS = YES_AGGRESSIVE;
				GCC_WARN_UNUSED_FUNCTION = YES;
				GCC_WARN_UNUSED_VARIABLE = YES;
				IPHONEOS_DEPLOYMENT_TARGET = 11.4;
				MTL_ENABLE_DEBUG_INFO = YES;
				ONLY_ACTIVE_ARCH = YES;
				SDKROOT = iphoneos;
				SWIFT_ACTIVE_COMPILATION_CONDITIONS = DEBUG;
				SWIFT_OPTIMIZATION_LEVEL = "-Onone";
			};
			name = Debug;
		};
		74B844942150186800430C60 /* Release */ = {
			isa = XCBuildConfiguration;
			buildSettings = {
				ALWAYS_SEARCH_USER_PATHS = NO;
				CLANG_ANALYZER_NONNULL = YES;
				CLANG_ANALYZER_NUMBER_OBJECT_CONVERSION = YES_AGGRESSIVE;
				CLANG_CXX_LANGUAGE_STANDARD = "gnu++14";
				CLANG_CXX_LIBRARY = "libc++";
				CLANG_ENABLE_MODULES = YES;
				CLANG_ENABLE_OBJC_ARC = YES;
				CLANG_ENABLE_OBJC_WEAK = YES;
				CLANG_WARN_BLOCK_CAPTURE_AUTORELEASING = YES;
				CLANG_WARN_BOOL_CONVERSION = YES;
				CLANG_WARN_COMMA = YES;
				CLANG_WARN_CONSTANT_CONVERSION = YES;
				CLANG_WARN_DEPRECATED_OBJC_IMPLEMENTATIONS = YES;
				CLANG_WARN_DIRECT_OBJC_ISA_USAGE = YES_ERROR;
				CLANG_WARN_DOCUMENTATION_COMMENTS = YES;
				CLANG_WARN_EMPTY_BODY = YES;
				CLANG_WARN_ENUM_CONVERSION = YES;
				CLANG_WARN_INFINITE_RECURSION = YES;
				CLANG_WARN_INT_CONVERSION = YES;
				CLANG_WARN_NON_LITERAL_NULL_CONVERSION = YES;
				CLANG_WARN_OBJC_IMPLICIT_RETAIN_SELF = YES;
				CLANG_WARN_OBJC_LITERAL_CONVERSION = YES;
				CLANG_WARN_OBJC_ROOT_CLASS = YES_ERROR;
				CLANG_WARN_RANGE_LOOP_ANALYSIS = YES;
				CLANG_WARN_STRICT_PROTOTYPES = YES;
				CLANG_WARN_SUSPICIOUS_MOVE = YES;
				CLANG_WARN_UNGUARDED_AVAILABILITY = YES_AGGRESSIVE;
				CLANG_WARN_UNREACHABLE_CODE = YES;
				CLANG_WARN__DUPLICATE_METHOD_MATCH = YES;
				CODE_SIGN_IDENTITY = "iPhone Developer";
				COPY_PHASE_STRIP = NO;
				DEBUG_INFORMATION_FORMAT = "dwarf-with-dsym";
				ENABLE_NS_ASSERTIONS = NO;
				ENABLE_STRICT_OBJC_MSGSEND = YES;
				GCC_C_LANGUAGE_STANDARD = gnu11;
				GCC_NO_COMMON_BLOCKS = YES;
				GCC_WARN_64_TO_32_BIT_CONVERSION = YES;
				GCC_WARN_ABOUT_RETURN_TYPE = YES_ERROR;
				GCC_WARN_UNDECLARED_SELECTOR = YES;
				GCC_WARN_UNINITIALIZED_AUTOS = YES_AGGRESSIVE;
				GCC_WARN_UNUSED_FUNCTION = YES;
				GCC_WARN_UNUSED_VARIABLE = YES;
				IPHONEOS_DEPLOYMENT_TARGET = 11.4;
				MTL_ENABLE_DEBUG_INFO = NO;
				SDKROOT = iphoneos;
				SWIFT_COMPILATION_MODE = wholemodule;
				SWIFT_OPTIMIZATION_LEVEL = "-O";
				VALIDATE_PRODUCT = YES;
			};
			name = Release;
		};
		74B844962150186800430C60 /* Debug */ = {
			isa = XCBuildConfiguration;
			buildSettings = {
				ASSETCATALOG_COMPILER_APPICON_NAME = AppIcon;
				CODE_SIGN_STYLE = Automatic;
				INFOPLIST_FILE = QuikSip/Info.plist;
				LD_RUNPATH_SEARCH_PATHS = (
					"$(inherited)",
					"@executable_path/Frameworks",
				);
				PRODUCT_BUNDLE_IDENTIFIER = cterech.QuikSip;
				PRODUCT_NAME = "$(TARGET_NAME)";
				SWIFT_VERSION = 4.0;
				TARGETED_DEVICE_FAMILY = "1,2";
			};
			name = Debug;
		};
		74B844972150186800430C60 /* Release */ = {
			isa = XCBuildConfiguration;
			buildSettings = {
				ASSETCATALOG_COMPILER_APPICON_NAME = AppIcon;
				CODE_SIGN_STYLE = Automatic;
				INFOPLIST_FILE = QuikSip/Info.plist;
				LD_RUNPATH_SEARCH_PATHS = (
					"$(inherited)",
					"@executable_path/Frameworks",
				);
				PRODUCT_BUNDLE_IDENTIFIER = cterech.QuikSip;
				PRODUCT_NAME = "$(TARGET_NAME)";
				SWIFT_VERSION = 4.0;
				TARGETED_DEVICE_FAMILY = "1,2";
			};
			name = Release;
		};
		74B844992150186800430C60 /* Debug */ = {
			isa = XCBuildConfiguration;
			buildSettings = {
				ALWAYS_EMBED_SWIFT_STANDARD_LIBRARIES = YES;
				BUNDLE_LOADER = "$(TEST_HOST)";
				CODE_SIGN_STYLE = Automatic;
				INFOPLIST_FILE = QuikSipTests/Info.plist;
				LD_RUNPATH_SEARCH_PATHS = (
					"$(inherited)",
					"@executable_path/Frameworks",
					"@loader_path/Frameworks",
				);
				PRODUCT_BUNDLE_IDENTIFIER = cterech.QuikSipTests;
				PRODUCT_NAME = "$(TARGET_NAME)";
				SWIFT_VERSION = 4.0;
				TARGETED_DEVICE_FAMILY = "1,2";
				TEST_HOST = "$(BUILT_PRODUCTS_DIR)/QuikSip.app/QuikSip";
			};
			name = Debug;
		};
		74B8449A2150186800430C60 /* Release */ = {
			isa = XCBuildConfiguration;
			buildSettings = {
				ALWAYS_EMBED_SWIFT_STANDARD_LIBRARIES = YES;
				BUNDLE_LOADER = "$(TEST_HOST)";
				CODE_SIGN_STYLE = Automatic;
				INFOPLIST_FILE = QuikSipTests/Info.plist;
				LD_RUNPATH_SEARCH_PATHS = (
					"$(inherited)",
					"@executable_path/Frameworks",
					"@loader_path/Frameworks",
				);
				PRODUCT_BUNDLE_IDENTIFIER = cterech.QuikSipTests;
				PRODUCT_NAME = "$(TARGET_NAME)";
				SWIFT_VERSION = 4.0;
				TARGETED_DEVICE_FAMILY = "1,2";
				TEST_HOST = "$(BUILT_PRODUCTS_DIR)/QuikSip.app/QuikSip";
			};
			name = Release;
		};
		74B8449C2150186800430C60 /* Debug */ = {
			isa = XCBuildConfiguration;
			buildSettings = {
				ALWAYS_EMBED_SWIFT_STANDARD_LIBRARIES = YES;
				CODE_SIGN_STYLE = Automatic;
				INFOPLIST_FILE = QuikSipUITests/Info.plist;
				LD_RUNPATH_SEARCH_PATHS = (
					"$(inherited)",
					"@executable_path/Frameworks",
					"@loader_path/Frameworks",
				);
				PRODUCT_BUNDLE_IDENTIFIER = cterech.QuikSipUITests;
				PRODUCT_NAME = "$(TARGET_NAME)";
				SWIFT_VERSION = 4.0;
				TARGETED_DEVICE_FAMILY = "1,2";
				TEST_TARGET_NAME = QuikSip;
			};
			name = Debug;
		};
		74B8449D2150186800430C60 /* Release */ = {
			isa = XCBuildConfiguration;
			buildSettings = {
				ALWAYS_EMBED_SWIFT_STANDARD_LIBRARIES = YES;
				CODE_SIGN_STYLE = Automatic;
				INFOPLIST_FILE = QuikSipUITests/Info.plist;
				LD_RUNPATH_SEARCH_PATHS = (
					"$(inherited)",
					"@executable_path/Frameworks",
					"@loader_path/Frameworks",
				);
				PRODUCT_BUNDLE_IDENTIFIER = cterech.QuikSipUITests;
				PRODUCT_NAME = "$(TARGET_NAME)";
				SWIFT_VERSION = 4.0;
				TARGETED_DEVICE_FAMILY = "1,2";
				TEST_TARGET_NAME = QuikSip;
			};
			name = Release;
		};
/* End XCBuildConfiguration section */

/* Begin XCConfigurationList section */
		74B844682150186700430C60 /* Build configuration list for PBXProject "QuikSip" */ = {
			isa = XCConfigurationList;
			buildConfigurations = (
				74B844932150186800430C60 /* Debug */,
				74B844942150186800430C60 /* Release */,
			);
			defaultConfigurationIsVisible = 0;
			defaultConfigurationName = Release;
		};
		74B844952150186800430C60 /* Build configuration list for PBXNativeTarget "QuikSip" */ = {
			isa = XCConfigurationList;
			buildConfigurations = (
				74B844962150186800430C60 /* Debug */,
				74B844972150186800430C60 /* Release */,
			);
			defaultConfigurationIsVisible = 0;
			defaultConfigurationName = Release;
		};
		74B844982150186800430C60 /* Build configuration list for PBXNativeTarget "QuikSipTests" */ = {
			isa = XCConfigurationList;
			buildConfigurations = (
				74B844992150186800430C60 /* Debug */,
				74B8449A2150186800430C60 /* Release */,
			);
			defaultConfigurationIsVisible = 0;
			defaultConfigurationName = Release;
		};
		74B8449B2150186800430C60 /* Build configuration list for PBXNativeTarget "QuikSipUITests" */ = {
			isa = XCConfigurationList;
			buildConfigurations = (
				74B8449C2150186800430C60 /* Debug */,
				74B8449D2150186800430C60 /* Release */,
			);
			defaultConfigurationIsVisible = 0;
			defaultConfigurationName = Release;
		};
/* End XCConfigurationList section */
	};
	rootObject = 74B844652150186700430C60 /* Project object */;
}
